
Microsoft Visual Studio Solution File, Format Version 12.00
# Visual Studio Version 17
VisualStudioVersion = 17.4.33213.308
MinimumVisualStudioVersion = 10.0.40219.1
Project("{FAE04EC0-301F-11D3-BF4B-00C04F79EFBC}") = "mayintarlasi", "mayintarlasi\mayintarlasi.csproj", "{B82C70C2-B473-4596-AEE9-0FDA1EAC6173}"
EndProject
Global
	GlobalSection(SolutionConfigurationPlatforms) = preSolution
		Debug|Any CPU = Debug|Any CPU
		Release|Any CPU = Release|Any CPU
	EndGlobalSection
	GlobalSection(ProjectConfigurationPlatforms) = postSolution
		{B82C70C2-B473-4596-AEE9-0FDA1EAC6173}.Debug|Any CPU.ActiveCfg = Debug|Any CPU
		{B82C70C2-B473-4596-AEE9-0FDA1EAC6173}.Debug|Any CPU.Build.0 = Debug|Any CPU
		{B82C70C2-B473-4596-AEE9-0FDA1EAC6173}.Release|Any CPU.ActiveCfg = Release|Any CPU
		{B82C70C2-B473-4596-AEE9-0FDA1EAC6173}.Release|Any CPU.Build.0 = Release|Any CPU
	EndGlobalSection
	GlobalSection(SolutionProperties) = preSolution
		HideSolutionNode = FALSE
	EndGlobalSection
	GlobalSection(ExtensibilityGlobals) = postSolution
		SolutionGuid = {A7B9F5E9-E3B4-441B-A32A-11CF35683980}
	EndGlobalSection
EndGlobal
